// !$*UTF8*$!
{
	archiveVersion = 1;
	classes = {
	};
	objectVersion = 46;
	objects = {

/* Begin PBXBuildFile section */
		CDEBAAE10C89FDD6CA321A30 /* libPods-iOS-Frameworks.a in Frameworks */ = {isa = PBXBuildFile; fileRef = BF8E688BF5957EB54A046276 /* libPods-iOS-Frameworks.a */; };
		DAC8D9711D66A69800374403 /* UIKit.framework in Frameworks */ = {isa = PBXBuildFile; fileRef = DAC8D9701D66A69800374403 /* UIKit.framework */; };
		DACFD8771D66B3E700D12C40 /* Accounts.png in Resources */ = {isa = PBXBuildFile; fileRef = DACFD8751D66B3E700D12C40 /* Accounts.png */; };
		DACFD8781D66B3E700D12C40 /* Facebook.png in Resources */ = {isa = PBXBuildFile; fileRef = DACFD8761D66B3E700D12C40 /* Facebook.png */; };
		DACFD8801D66DCEC00D12C40 /* AdSupport.framework in Frameworks */ = {isa = PBXBuildFile; fileRef = DACFD87F1D66DCEC00D12C40 /* AdSupport.framework */; };
		DACFD8841D66DD1400D12C40 /* AdSupportViewController.swift in Sources */ = {isa = PBXBuildFile; fileRef = DACFD8821D66DD1400D12C40 /* AdSupportViewController.swift */; };
		DACFD8851D66DD1400D12C40 /* AdSupportViewController.xib in Resources */ = {isa = PBXBuildFile; fileRef = DACFD8831D66DD1400D12C40 /* AdSupportViewController.xib */; };
		DADC565E1D65B6FC0050F737 /* main.m in Sources */ = {isa = PBXBuildFile; fileRef = DADC565D1D65B6FC0050F737 /* main.m */; };
		DADC56611D65B6FC0050F737 /* AppDelegate.m in Sources */ = {isa = PBXBuildFile; fileRef = DADC56601D65B6FC0050F737 /* AppDelegate.m */; };
		DADC56641D65B6FC0050F737 /* ViewController.m in Sources */ = {isa = PBXBuildFile; fileRef = DADC56631D65B6FC0050F737 /* ViewController.m */; };
		DADC56671D65B6FC0050F737 /* Main.storyboard in Resources */ = {isa = PBXBuildFile; fileRef = DADC56651D65B6FC0050F737 /* Main.storyboard */; };
		DADC56691D65B6FC0050F737 /* Assets.xcassets in Resources */ = {isa = PBXBuildFile; fileRef = DADC56681D65B6FC0050F737 /* Assets.xcassets */; };
		DADC566C1D65B6FC0050F737 /* LaunchScreen.storyboard in Resources */ = {isa = PBXBuildFile; fileRef = DADC566A1D65B6FC0050F737 /* LaunchScreen.storyboard */; };
		DADC56751D65B7080050F737 /* Accounts.framework in Frameworks */ = {isa = PBXBuildFile; fileRef = DADC56741D65B7080050F737 /* Accounts.framework */; };
		DADC56791D65B84F0050F737 /* FrameworkDataSource.m in Sources */ = {isa = PBXBuildFile; fileRef = DADC56781D65B84F0050F737 /* FrameworkDataSource.m */; };
		DADC567D1D65BA510050F737 /* AccountsViewController.m in Sources */ = {isa = PBXBuildFile; fileRef = DADC567B1D65BA510050F737 /* AccountsViewController.m */; };
		DADC567E1D65BA510050F737 /* AccountsViewController.xib in Resources */ = {isa = PBXBuildFile; fileRef = DADC567C1D65BA510050F737 /* AccountsViewController.xib */; };
/* End PBXBuildFile section */

/* Begin PBXFileReference section */
		5A25E42DACFF0BE5CF1AE4D5 /* Pods-iOS-Frameworks.release.xcconfig */ = {isa = PBXFileReference; includeInIndex = 1; lastKnownFileType = text.xcconfig; name = "Pods-iOS-Frameworks.release.xcconfig"; path = "Pods/Target Support Files/Pods-iOS-Frameworks/Pods-iOS-Frameworks.release.xcconfig"; sourceTree = "<group>"; };
		89BABA19F675CA5D3A390012 /* Pods-iOS-Frameworks.debug.xcconfig */ = {isa = PBXFileReference; includeInIndex = 1; lastKnownFileType = text.xcconfig; name = "Pods-iOS-Frameworks.debug.xcconfig"; path = "Pods/Target Support Files/Pods-iOS-Frameworks/Pods-iOS-Frameworks.debug.xcconfig"; sourceTree = "<group>"; };
		BF8E688BF5957EB54A046276 /* libPods-iOS-Frameworks.a */ = {isa = PBXFileReference; explicitFileType = archive.ar; includeInIndex = 0; path = "libPods-iOS-Frameworks.a"; sourceTree = BUILT_PRODUCTS_DIR; };
		DAC8D9701D66A69800374403 /* UIKit.framework */ = {isa = PBXFileReference; lastKnownFileType = wrapper.framework; name = UIKit.framework; path = System/Library/Frameworks/UIKit.framework; sourceTree = SDKROOT; };
		DACFD8751D66B3E700D12C40 /* Accounts.png */ = {isa = PBXFileReference; lastKnownFileType = image.png; path = Accounts.png; sourceTree = "<group>"; };
		DACFD8761D66B3E700D12C40 /* Facebook.png */ = {isa = PBXFileReference; lastKnownFileType = image.png; path = Facebook.png; sourceTree = "<group>"; };
		DACFD87F1D66DCEC00D12C40 /* AdSupport.framework */ = {isa = PBXFileReference; lastKnownFileType = wrapper.framework; name = AdSupport.framework; path = System/Library/Frameworks/AdSupport.framework; sourceTree = SDKROOT; };
		DACFD8821D66DD1400D12C40 /* AdSupportViewController.swift */ = {isa = PBXFileReference; fileEncoding = 4; lastKnownFileType = sourcecode.swift; path = AdSupportViewController.swift; sourceTree = "<group>"; };
		DACFD8831D66DD1400D12C40 /* AdSupportViewController.xib */ = {isa = PBXFileReference; fileEncoding = 4; lastKnownFileType = file.xib; path = AdSupportViewController.xib; sourceTree = "<group>"; };
		DACFD8861D66DD3C00D12C40 /* iOS-Frameworks-Bridging-Header.h */ = {isa = PBXFileReference; lastKnownFileType = sourcecode.c.h; path = "iOS-Frameworks-Bridging-Header.h"; sourceTree = "<group>"; };
		DADC56591D65B6FC0050F737 /* iOS-Frameworks.app */ = {isa = PBXFileReference; explicitFileType = wrapper.application; includeInIndex = 0; path = "iOS-Frameworks.app"; sourceTree = BUILT_PRODUCTS_DIR; };
		DADC565D1D65B6FC0050F737 /* main.m */ = {isa = PBXFileReference; lastKnownFileType = sourcecode.c.objc; path = main.m; sourceTree = "<group>"; };
		DADC565F1D65B6FC0050F737 /* AppDelegate.h */ = {isa = PBXFileReference; lastKnownFileType = sourcecode.c.h; path = AppDelegate.h; sourceTree = "<group>"; };
		DADC56601D65B6FC0050F737 /* AppDelegate.m */ = {isa = PBXFileReference; lastKnownFileType = sourcecode.c.objc; path = AppDelegate.m; sourceTree = "<group>"; };
		DADC56621D65B6FC0050F737 /* ViewController.h */ = {isa = PBXFileReference; lastKnownFileType = sourcecode.c.h; path = ViewController.h; sourceTree = "<group>"; };
		DADC56631D65B6FC0050F737 /* ViewController.m */ = {isa = PBXFileReference; lastKnownFileType = sourcecode.c.objc; path = ViewController.m; sourceTree = "<group>"; };
		DADC56661D65B6FC0050F737 /* Base */ = {isa = PBXFileReference; lastKnownFileType = file.storyboard; name = Base; path = Base.lproj/Main.storyboard; sourceTree = "<group>"; };
		DADC56681D65B6FC0050F737 /* Assets.xcassets */ = {isa = PBXFileReference; lastKnownFileType = folder.assetcatalog; path = Assets.xcassets; sourceTree = "<group>"; };
		DADC566B1D65B6FC0050F737 /* Base */ = {isa = PBXFileReference; lastKnownFileType = file.storyboard; name = Base; path = Base.lproj/LaunchScreen.storyboard; sourceTree = "<group>"; };
		DADC566D1D65B6FC0050F737 /* Info.plist */ = {isa = PBXFileReference; lastKnownFileType = text.plist.xml; path = Info.plist; sourceTree = "<group>"; };
		DADC56741D65B7080050F737 /* Accounts.framework */ = {isa = PBXFileReference; lastKnownFileType = wrapper.framework; name = Accounts.framework; path = System/Library/Frameworks/Accounts.framework; sourceTree = SDKROOT; };
		DADC56771D65B84F0050F737 /* FrameworkDataSource.h */ = {isa = PBXFileReference; fileEncoding = 4; lastKnownFileType = sourcecode.c.h; path = FrameworkDataSource.h; sourceTree = "<group>"; };
		DADC56781D65B84F0050F737 /* FrameworkDataSource.m */ = {isa = PBXFileReference; fileEncoding = 4; lastKnownFileType = sourcecode.c.objc; path = FrameworkDataSource.m; sourceTree = "<group>"; };
		DADC567A1D65BA510050F737 /* AccountsViewController.h */ = {isa = PBXFileReference; fileEncoding = 4; lastKnownFileType = sourcecode.c.h; path = AccountsViewController.h; sourceTree = "<group>"; };
		DADC567B1D65BA510050F737 /* AccountsViewController.m */ = {isa = PBXFileReference; fileEncoding = 4; lastKnownFileType = sourcecode.c.objc; path = AccountsViewController.m; sourceTree = "<group>"; };
		DADC567C1D65BA510050F737 /* AccountsViewController.xib */ = {isa = PBXFileReference; fileEncoding = 4; lastKnownFileType = file.xib; path = AccountsViewController.xib; sourceTree = "<group>"; };
		DAF494A71D66E2E100E73136 /* iOS-Frameworks.pch */ = {isa = PBXFileReference; lastKnownFileType = sourcecode.c.h; path = "iOS-Frameworks.pch"; sourceTree = "<group>"; };
/* End PBXFileReference section */

/* Begin PBXFrameworksBuildPhase section */
		DADC56561D65B6FC0050F737 /* Frameworks */ = {
			isa = PBXFrameworksBuildPhase;
			buildActionMask = 2147483647;
			files = (
				DACFD8801D66DCEC00D12C40 /* AdSupport.framework in Frameworks */,
				DAC8D9711D66A69800374403 /* UIKit.framework in Frameworks */,
				DADC56751D65B7080050F737 /* Accounts.framework in Frameworks */,
				CDEBAAE10C89FDD6CA321A30 /* libPods-iOS-Frameworks.a in Frameworks */,
			);
			runOnlyForDeploymentPostprocessing = 0;
		};
/* End PBXFrameworksBuildPhase section */

/* Begin PBXGroup section */
		113621BD877D2562ABEF18DE /* Pods */ = {
			isa = PBXGroup;
			children = (
				89BABA19F675CA5D3A390012 /* Pods-iOS-Frameworks.debug.xcconfig */,
				5A25E42DACFF0BE5CF1AE4D5 /* Pods-iOS-Frameworks.release.xcconfig */,
			);
			name = Pods;
			sourceTree = "<group>";
		};
		DACFD87E1D66DCC300D12C40 /* AdSupport */ = {
			isa = PBXGroup;
			children = (
				DACFD8821D66DD1400D12C40 /* AdSupportViewController.swift */,
				DACFD8831D66DD1400D12C40 /* AdSupportViewController.xib */,
			);
			path = AdSupport;
			sourceTree = SOURCE_ROOT;
		};
		DADC56501D65B6FC0050F737 = {
			isa = PBXGroup;
			children = (
				DADC565B1D65B6FC0050F737 /* iOS-Frameworks */,
				DADC565A1D65B6FC0050F737 /* Products */,
				DADC56731D65B7080050F737 /* Frameworks */,
				113621BD877D2562ABEF18DE /* Pods */,
			);
			sourceTree = "<group>";
		};
		DADC565A1D65B6FC0050F737 /* Products */ = {
			isa = PBXGroup;
			children = (
				DADC56591D65B6FC0050F737 /* iOS-Frameworks.app */,
			);
			name = Products;
			sourceTree = "<group>";
		};
		DADC565B1D65B6FC0050F737 /* iOS-Frameworks */ = {
			isa = PBXGroup;
			children = (
				DACFD87E1D66DCC300D12C40 /* AdSupport */,
				DADC56761D65B7270050F737 /* Accounts */,
				DADC565F1D65B6FC0050F737 /* AppDelegate.h */,
				DADC56601D65B6FC0050F737 /* AppDelegate.m */,
				DADC56621D65B6FC0050F737 /* ViewController.h */,
				DADC56631D65B6FC0050F737 /* ViewController.m */,
				DADC56771D65B84F0050F737 /* FrameworkDataSource.h */,
				DADC56781D65B84F0050F737 /* FrameworkDataSource.m */,
				DACFD8861D66DD3C00D12C40 /* iOS-Frameworks-Bridging-Header.h */,
				DADC56651D65B6FC0050F737 /* Main.storyboard */,
				DADC56681D65B6FC0050F737 /* Assets.xcassets */,
				DADC566A1D65B6FC0050F737 /* LaunchScreen.storyboard */,
				DADC566D1D65B6FC0050F737 /* Info.plist */,
				DADC565C1D65B6FC0050F737 /* Supporting Files */,
				DAF494A71D66E2E100E73136 /* iOS-Frameworks.pch */,
			);
			path = "iOS-Frameworks";
			sourceTree = "<group>";
		};
		DADC565C1D65B6FC0050F737 /* Supporting Files */ = {
			isa = PBXGroup;
			children = (
				DADC565D1D65B6FC0050F737 /* main.m */,
			);
			name = "Supporting Files";
			sourceTree = "<group>";
		};
		DADC56731D65B7080050F737 /* Frameworks */ = {
			isa = PBXGroup;
			children = (
				DACFD87F1D66DCEC00D12C40 /* AdSupport.framework */,
				DAC8D9701D66A69800374403 /* UIKit.framework */,
				DADC56741D65B7080050F737 /* Accounts.framework */,
				BF8E688BF5957EB54A046276 /* libPods-iOS-Frameworks.a */,
			);
			name = Frameworks;
			sourceTree = "<group>";
		};
		DADC56761D65B7270050F737 /* Accounts */ = {
			isa = PBXGroup;
			children = (
				DACFD8751D66B3E700D12C40 /* Accounts.png */,
				DACFD8761D66B3E700D12C40 /* Facebook.png */,
				DADC567A1D65BA510050F737 /* AccountsViewController.h */,
				DADC567B1D65BA510050F737 /* AccountsViewController.m */,
				DADC567C1D65BA510050F737 /* AccountsViewController.xib */,
			);
			path = Accounts;
			sourceTree = SOURCE_ROOT;
		};
/* End PBXGroup section */

/* Begin PBXNativeTarget section */
		DADC56581D65B6FC0050F737 /* iOS-Frameworks */ = {
			isa = PBXNativeTarget;
			buildConfigurationList = DADC56701D65B6FC0050F737 /* Build configuration list for PBXNativeTarget "iOS-Frameworks" */;
			buildPhases = (
				81AEF18873AEBF7109308FDA /* 📦 Check Pods Manifest.lock */,
				DADC56551D65B6FC0050F737 /* Sources */,
				DADC56561D65B6FC0050F737 /* Frameworks */,
				DADC56571D65B6FC0050F737 /* Resources */,
				89406D7C2B53A8BDDB013779 /* 📦 Embed Pods Frameworks */,
				525CE983E0C44653B72F90CC /* 📦 Copy Pods Resources */,
			);
			buildRules = (
			);
			dependencies = (
			);
			name = "iOS-Frameworks";
			productName = "iOS-Frameworks";
			productReference = DADC56591D65B6FC0050F737 /* iOS-Frameworks.app */;
			productType = "com.apple.product-type.application";
		};
/* End PBXNativeTarget section */

/* Begin PBXProject section */
		DADC56511D65B6FC0050F737 /* Project object */ = {
			isa = PBXProject;
			attributes = {
				LastUpgradeCheck = 0800;
				ORGANIZATIONNAME = hzyuxiaohua;
				TargetAttributes = {
					DADC56581D65B6FC0050F737 = {
						CreatedOnToolsVersion = 8.0;
						DevelopmentTeam = 3LH7676BHR;
						LastSwiftMigration = 0800;
						ProvisioningStyle = Automatic;
					};
				};
			};
			buildConfigurationList = DADC56541D65B6FC0050F737 /* Build configuration list for PBXProject "iOS-Frameworks" */;
			compatibilityVersion = "Xcode 3.2";
			developmentRegion = English;
			hasScannedForEncodings = 0;
			knownRegions = (
				en,
				Base,
			);
			mainGroup = DADC56501D65B6FC0050F737;
			productRefGroup = DADC565A1D65B6FC0050F737 /* Products */;
			projectDirPath = "";
			projectRoot = "";
			targets = (
				DADC56581D65B6FC0050F737 /* iOS-Frameworks */,
			);
		};
/* End PBXProject section */

/* Begin PBXResourcesBuildPhase section */
		DADC56571D65B6FC0050F737 /* Resources */ = {
			isa = PBXResourcesBuildPhase;
			buildActionMask = 2147483647;
			files = (
				DACFD8851D66DD1400D12C40 /* AdSupportViewController.xib in Resources */,
				DADC566C1D65B6FC0050F737 /* LaunchScreen.storyboard in Resources */,
				DACFD8771D66B3E700D12C40 /* Accounts.png in Resources */,
				DADC56691D65B6FC0050F737 /* Assets.xcassets in Resources */,
				DACFD8781D66B3E700D12C40 /* Facebook.png in Resources */,
				DADC567E1D65BA510050F737 /* AccountsViewController.xib in Resources */,
				DADC56671D65B6FC0050F737 /* Main.storyboard in Resources */,
			);
			runOnlyForDeploymentPostprocessing = 0;
		};
/* End PBXResourcesBuildPhase section */

/* Begin PBXShellScriptBuildPhase section */
		525CE983E0C44653B72F90CC /* 📦 Copy Pods Resources */ = {
			isa = PBXShellScriptBuildPhase;
			buildActionMask = 2147483647;
			files = (
			);
			inputPaths = (
			);
			name = "📦 Copy Pods Resources";
			outputPaths = (
			);
			runOnlyForDeploymentPostprocessing = 0;
			shellPath = /bin/sh;
			shellScript = "\"${SRCROOT}/Pods/Target Support Files/Pods-iOS-Frameworks/Pods-iOS-Frameworks-resources.sh\"\n";
			showEnvVarsInLog = 0;
		};
		81AEF18873AEBF7109308FDA /* 📦 Check Pods Manifest.lock */ = {
			isa = PBXShellScriptBuildPhase;
			buildActionMask = 2147483647;
			files = (
			);
			inputPaths = (
			);
			name = "📦 Check Pods Manifest.lock";
			outputPaths = (
			);
			runOnlyForDeploymentPostprocessing = 0;
			shellPath = /bin/sh;
			shellScript = "diff \"${PODS_ROOT}/../Podfile.lock\" \"${PODS_ROOT}/Manifest.lock\" > /dev/null\nif [[ $? != 0 ]] ; then\n    cat << EOM\nerror: The sandbox is not in sync with the Podfile.lock. Run 'pod install' or update your CocoaPods installation.\nEOM\n    exit 1\nfi\n";
			showEnvVarsInLog = 0;
		};
		89406D7C2B53A8BDDB013779 /* 📦 Embed Pods Frameworks */ = {
			isa = PBXShellScriptBuildPhase;
			buildActionMask = 2147483647;
			files = (
			);
			inputPaths = (
			);
			name = "📦 Embed Pods Frameworks";
			outputPaths = (
			);
			runOnlyForDeploymentPostprocessing = 0;
			shellPath = /bin/sh;
			shellScript = "\"${SRCROOT}/Pods/Target Support Files/Pods-iOS-Frameworks/Pods-iOS-Frameworks-frameworks.sh\"\n";
			showEnvVarsInLog = 0;
		};
/* End PBXShellScriptBuildPhase section */

/* Begin PBXSourcesBuildPhase section */
		DADC56551D65B6FC0050F737 /* Sources */ = {
			isa = PBXSourcesBuildPhase;
			buildActionMask = 2147483647;
			files = (
				DADC56641D65B6FC0050F737 /* ViewController.m in Sources */,
				DACFD8841D66DD1400D12C40 /* AdSupportViewController.swift in Sources */,
				DADC56791D65B84F0050F737 /* FrameworkDataSource.m in Sources */,
				DADC56611D65B6FC0050F737 /* AppDelegate.m in Sources */,
				DADC565E1D65B6FC0050F737 /* main.m in Sources */,
				DADC567D1D65BA510050F737 /* AccountsViewController.m in Sources */,
			);
			runOnlyForDeploymentPostprocessing = 0;
		};
/* End PBXSourcesBuildPhase section */

/* Begin PBXVariantGroup section */
		DADC56651D65B6FC0050F737 /* Main.storyboard */ = {
			isa = PBXVariantGroup;
			children = (
				DADC56661D65B6FC0050F737 /* Base */,
			);
			name = Main.storyboard;
			sourceTree = "<group>";
		};
		DADC566A1D65B6FC0050F737 /* LaunchScreen.storyboard */ = {
			isa = PBXVariantGroup;
			children = (
				DADC566B1D65B6FC0050F737 /* Base */,
			);
			name = LaunchScreen.storyboard;
			sourceTree = "<group>";
		};
/* End PBXVariantGroup section */

/* Begin XCBuildConfiguration section */
		DADC566E1D65B6FC0050F737 /* Debug */ = {
			isa = XCBuildConfiguration;
			buildSettings = {
				ALWAYS_SEARCH_USER_PATHS = NO;
				CLANG_ANALYZER_NONNULL = YES;
				CLANG_CXX_LANGUAGE_STANDARD = "gnu++0x";
				CLANG_CXX_LIBRARY = "libc++";
				CLANG_ENABLE_MODULES = YES;
				CLANG_ENABLE_OBJC_ARC = YES;
				CLANG_WARN_BOOL_CONVERSION = YES;
				CLANG_WARN_CONSTANT_CONVERSION = YES;
				CLANG_WARN_DIRECT_OBJC_ISA_USAGE = YES_ERROR;
				CLANG_WARN_DOCUMENTATION_COMMENTS = YES;
				CLANG_WARN_EMPTY_BODY = YES;
				CLANG_WARN_ENUM_CONVERSION = YES;
				CLANG_WARN_INFINITE_RECURSION = YES;
				CLANG_WARN_INT_CONVERSION = YES;
				CLANG_WARN_OBJC_ROOT_CLASS = YES_ERROR;
				CLANG_WARN_SUSPICIOUS_MOVE = YES;
				CLANG_WARN_SUSPICIOUS_MOVES = YES;
				CLANG_WARN_UNREACHABLE_CODE = YES;
				CLANG_WARN__DUPLICATE_METHOD_MATCH = YES;
				"CODE_SIGN_IDENTITY[sdk=iphoneos*]" = "iPhone Developer";
				COPY_PHASE_STRIP = NO;
				DEBUG_INFORMATION_FORMAT = dwarf;
				ENABLE_STRICT_OBJC_MSGSEND = YES;
				ENABLE_TESTABILITY = YES;
				GCC_C_LANGUAGE_STANDARD = gnu99;
				GCC_DYNAMIC_NO_PIC = NO;
				GCC_NO_COMMON_BLOCKS = YES;
				GCC_OPTIMIZATION_LEVEL = 0;
				GCC_PREPROCESSOR_DEFINITIONS = (
					"DEBUG=1",
					"$(inherited)",
				);
				GCC_WARN_64_TO_32_BIT_CONVERSION = YES;
				GCC_WARN_ABOUT_RETURN_TYPE = YES_ERROR;
				GCC_WARN_UNDECLARED_SELECTOR = YES;
				GCC_WARN_UNINITIALIZED_AUTOS = YES_AGGRESSIVE;
				GCC_WARN_UNUSED_FUNCTION = YES;
				GCC_WARN_UNUSED_VARIABLE = YES;
				IPHONEOS_DEPLOYMENT_TARGET = 9.0;
				MTL_ENABLE_DEBUG_INFO = YES;
				ONLY_ACTIVE_ARCH = YES;
				SDKROOT = iphoneos;
			};
			name = Debug;
		};
		DADC566F1D65B6FC0050F737 /* Release */ = {
			isa = XCBuildConfiguration;
			buildSettings = {
				ALWAYS_SEARCH_USER_PATHS = NO;
				CLANG_ANALYZER_NONNULL = YES;
				CLANG_CXX_LANGUAGE_STANDARD = "gnu++0x";
				CLANG_CXX_LIBRARY = "libc++";
				CLANG_ENABLE_MODULES = YES;
				CLANG_ENABLE_OBJC_ARC = YES;
				CLANG_WARN_BOOL_CONVERSION = YES;
				CLANG_WARN_CONSTANT_CONVERSION = YES;
				CLANG_WARN_DIRECT_OBJC_ISA_USAGE = YES_ERROR;
				CLANG_WARN_DOCUMENTATION_COMMENTS = YES;
				CLANG_WARN_EMPTY_BODY = YES;
				CLANG_WARN_ENUM_CONVERSION = YES;
				CLANG_WARN_INFINITE_RECURSION = YES;
				CLANG_WARN_INT_CONVERSION = YES;
				CLANG_WARN_OBJC_ROOT_CLASS = YES_ERROR;
				CLANG_WARN_SUSPICIOUS_MOVE = YES;
				CLANG_WARN_SUSPICIOUS_MOVES = YES;
				CLANG_WARN_UNREACHABLE_CODE = YES;
				CLANG_WARN__DUPLICATE_METHOD_MATCH = YES;
				"CODE_SIGN_IDENTITY[sdk=iphoneos*]" = "iPhone Developer";
				COPY_PHASE_STRIP = NO;
				DEBUG_INFORMATION_FORMAT = "dwarf-with-dsym";
				ENABLE_NS_ASSERTIONS = NO;
				ENABLE_STRICT_OBJC_MSGSEND = YES;
				GCC_C_LANGUAGE_STANDARD = gnu99;
				GCC_NO_COMMON_BLOCKS = YES;
				GCC_WARN_64_TO_32_BIT_CONVERSION = YES;
				GCC_WARN_ABOUT_RETURN_TYPE = YES_ERROR;
				GCC_WARN_UNDECLARED_SELECTOR = YES;
				GCC_WARN_UNINITIALIZED_AUTOS = YES_AGGRESSIVE;
				GCC_WARN_UNUSED_FUNCTION = YES;
				GCC_WARN_UNUSED_VARIABLE = YES;
				IPHONEOS_DEPLOYMENT_TARGET = 9.0;
				MTL_ENABLE_DEBUG_INFO = NO;
				SDKROOT = iphoneos;
				VALIDATE_PRODUCT = YES;
			};
			name = Release;
		};
		DADC56711D65B6FC0050F737 /* Debug */ = {
			isa = XCBuildConfiguration;
			baseConfigurationReference = 89BABA19F675CA5D3A390012 /* Pods-iOS-Frameworks.debug.xcconfig */;
			buildSettings = {
				ASSETCATALOG_COMPILER_APPICON_NAME = AppIcon;
				CLANG_ENABLE_MODULES = YES;
				DEVELOPMENT_TEAM = 3LH7676BHR;
				GCC_PREFIX_HEADER = "iOS-Frameworks/iOS-Frameworks.pch";
				INFOPLIST_FILE = "iOS-Frameworks/Info.plist";
				LD_RUNPATH_SEARCH_PATHS = "$(inherited) @executable_path/Frameworks";
				PRODUCT_BUNDLE_IDENTIFIER = "X-Co.--Ltd..iOS-Frameworks";
				PRODUCT_NAME = "$(TARGET_NAME)";
				SWIFT_OBJC_BRIDGING_HEADER = "iOS-Frameworks/iOS-Frameworks-Bridging-Header.h";
				SWIFT_OPTIMIZATION_LEVEL = "-Onone";
				SWIFT_VERSION = 3.0;
			};
			name = Debug;
		};
		DADC56721D65B6FC0050F737 /* Release */ = {
			isa = XCBuildConfiguration;
			baseConfigurationReference = 5A25E42DACFF0BE5CF1AE4D5 /* Pods-iOS-Frameworks.release.xcconfig */;
			buildSettings = {
				ASSETCATALOG_COMPILER_APPICON_NAME = AppIcon;
				CLANG_ENABLE_MODULES = YES;
				DEVELOPMENT_TEAM = 3LH7676BHR;
				GCC_PREFIX_HEADER = "iOS-Frameworks/iOS-Frameworks.pch";
				INFOPLIST_FILE = "iOS-Frameworks/Info.plist";
				LD_RUNPATH_SEARCH_PATHS = "$(inherited) @executable_path/Frameworks";
				PRODUCT_BUNDLE_IDENTIFIER = "X-Co.--Ltd..iOS-Frameworks";
				PRODUCT_NAME = "$(TARGET_NAME)";
				SWIFT_OBJC_BRIDGING_HEADER = "iOS-Frameworks/iOS-Frameworks-Bridging-Header.h";
				SWIFT_VERSION = 3.0;
			};
			name = Release;
		};
/* End XCBuildConfiguration section */

/* Begin XCConfigurationList section */
		DADC56541D65B6FC0050F737 /* Build configuration list for PBXProject "iOS-Frameworks" */ = {
			isa = XCConfigurationList;
			buildConfigurations = (
				DADC566E1D65B6FC0050F737 /* Debug */,
				DADC566F1D65B6FC0050F737 /* Release */,
			);
			defaultConfigurationIsVisible = 0;
			defaultConfigurationName = Release;
		};
		DADC56701D65B6FC0050F737 /* Build configuration list for PBXNativeTarget "iOS-Frameworks" */ = {
			isa = XCConfigurationList;
			buildConfigurations = (
				DADC56711D65B6FC0050F737 /* Debug */,
				DADC56721D65B6FC0050F737 /* Release */,
			);
			defaultConfigurationIsVisible = 0;
			defaultConfigurationName = Release;
		};
/* End XCConfigurationList section */
	};
	rootObject = DADC56511D65B6FC0050F737 /* Project object */;
}
